// !$*UTF8*$!
{
	archiveVersion = 1;
	classes = {
	};
	objectVersion = 56;
	objects = {

/* Begin PBXBuildFile section */
		3E1E56C7291AC70C00EFCD2B /* URLSessionHTTPClient.swift in Sources */ = {isa = PBXBuildFile; fileRef = 3E1E56C6291AC70C00EFCD2B /* URLSessionHTTPClient.swift */; };
		3E1E56CF291ACCE900EFCD2B /* EssentialFeedAPIEndToEndTests.swift in Sources */ = {isa = PBXBuildFile; fileRef = 3E1E56CE291ACCE900EFCD2B /* EssentialFeedAPIEndToEndTests.swift */; };
		3E1E56D0291ACCE900EFCD2B /* EssentialFeed.framework in Frameworks */ = {isa = PBXBuildFile; fileRef = 3E50686B28E9BC8E00B6F500 /* EssentialFeed.framework */; };
		3E2FDA6A292BD62E0026B598 /* CacheFeedUseCaseTests.swift in Sources */ = {isa = PBXBuildFile; fileRef = 3E2FDA69292BD62E0026B598 /* CacheFeedUseCaseTests.swift */; };
		3E2FDA6D292D303B0026B598 /* LocalFeedLoader.swift in Sources */ = {isa = PBXBuildFile; fileRef = 3E2FDA6C292D303B0026B598 /* LocalFeedLoader.swift */; };
		3E2FDA6F292D30C30026B598 /* FeedStore.swift in Sources */ = {isa = PBXBuildFile; fileRef = 3E2FDA6E292D30C30026B598 /* FeedStore.swift */; };
		3E2FDA71292D80780026B598 /* RemoteFeedItem.swift in Sources */ = {isa = PBXBuildFile; fileRef = 3E2FDA70292D80780026B598 /* RemoteFeedItem.swift */; };
		3E2FDA73292D80E30026B598 /* LocalFeedImage.swift in Sources */ = {isa = PBXBuildFile; fileRef = 3E2FDA72292D80E30026B598 /* LocalFeedImage.swift */; };
		3E43934329369A02005E12E1 /* LoadFeedFromCacheUseCaseTests.swift in Sources */ = {isa = PBXBuildFile; fileRef = 3E43934229369A02005E12E1 /* LoadFeedFromCacheUseCaseTests.swift */; };
		3E43934629369B1A005E12E1 /* FeedStoreSpy.swift in Sources */ = {isa = PBXBuildFile; fileRef = 3E43934529369B1A005E12E1 /* FeedStoreSpy.swift */; };
		3E4393482955D217005E12E1 /* ValidateFeedCacheUseCaseTests.swift in Sources */ = {isa = PBXBuildFile; fileRef = 3E4393472955D217005E12E1 /* ValidateFeedCacheUseCaseTests.swift */; };
		3E43934A2955D966005E12E1 /* FeedCacheTestHelpers.swift in Sources */ = {isa = PBXBuildFile; fileRef = 3E4393492955D966005E12E1 /* FeedCacheTestHelpers.swift */; };
		3E43934C2955DA25005E12E1 /* SharedTestHelpers.swift in Sources */ = {isa = PBXBuildFile; fileRef = 3E43934B2955DA25005E12E1 /* SharedTestHelpers.swift */; };
		3E43934E2955EA14005E12E1 /* FeedCachePolicy.swift in Sources */ = {isa = PBXBuildFile; fileRef = 3E43934D2955EA14005E12E1 /* FeedCachePolicy.swift */; };
		3E4393502955FA2F005E12E1 /* CodableFeedStoreTests.swift in Sources */ = {isa = PBXBuildFile; fileRef = 3E43934F2955FA2F005E12E1 /* CodableFeedStoreTests.swift */; };
		3E439352295B399A005E12E1 /* CodableFeedStore.swift in Sources */ = {isa = PBXBuildFile; fileRef = 3E439351295B399A005E12E1 /* CodableFeedStore.swift */; };
		3E439354295DEA4E005E12E1 /* FeedStoreSpecs.swift in Sources */ = {isa = PBXBuildFile; fileRef = 3E439353295DEA4E005E12E1 /* FeedStoreSpecs.swift */; };
		3E439356295DEC26005E12E1 /* XCTestCase+FeedStoreSpecs.swift in Sources */ = {isa = PBXBuildFile; fileRef = 3E439355295DEC26005E12E1 /* XCTestCase+FeedStoreSpecs.swift */; };
		3E439358295DF377005E12E1 /* XCTestCase+FailableRetrieveFeedStoreSpecs.swift in Sources */ = {isa = PBXBuildFile; fileRef = 3E439357295DF377005E12E1 /* XCTestCase+FailableRetrieveFeedStoreSpecs.swift */; };
		3E50687428E9BC9000B6F500 /* EssentialFeed.framework in Frameworks */ = {isa = PBXBuildFile; fileRef = 3E50686B28E9BC8E00B6F500 /* EssentialFeed.framework */; };
		3E50687928E9BC9000B6F500 /* LoadFeedFromRemoteUseCaseTests.swift in Sources */ = {isa = PBXBuildFile; fileRef = 3E50687828E9BC9000B6F500 /* LoadFeedFromRemoteUseCaseTests.swift */; };
		3E50687A28E9BC9000B6F500 /* EssentialFeed.h in Headers */ = {isa = PBXBuildFile; fileRef = 3E50686E28E9BC8E00B6F500 /* EssentialFeed.h */; settings = {ATTRIBUTES = (Public, ); }; };
		3E50688428E9BD7300B6F500 /* FeedImage.swift in Sources */ = {isa = PBXBuildFile; fileRef = 3E50688328E9BD7300B6F500 /* FeedImage.swift */; };
		3E50688628E9C09F00B6F500 /* FeedLoader.swift in Sources */ = {isa = PBXBuildFile; fileRef = 3E50688528E9C09F00B6F500 /* FeedLoader.swift */; };
		3E50688A28EA02EC00B6F500 /* RemoteFeedLoader.swift in Sources */ = {isa = PBXBuildFile; fileRef = 3E50688928EA02EC00B6F500 /* RemoteFeedLoader.swift */; };
		3EACFA5A290C26C200762283 /* HTTPClient.swift in Sources */ = {isa = PBXBuildFile; fileRef = 3EACFA59290C26C200762283 /* HTTPClient.swift */; };
		3EACFA5C290C270E00762283 /* FeedItemsMapper.swift in Sources */ = {isa = PBXBuildFile; fileRef = 3EACFA5B290C270E00762283 /* FeedItemsMapper.swift */; };
		3EAD06E42918150600A7AF06 /* XCTTestCase+MemoryLeakTracking.swift in Sources */ = {isa = PBXBuildFile; fileRef = 3EAD06E32918150600A7AF06 /* XCTTestCase+MemoryLeakTracking.swift */; };
		3EB2FD6D290EB0AB00B1B8F9 /* URLSessionHTTPClientTests.swift in Sources */ = {isa = PBXBuildFile; fileRef = 3EB2FD6C290EB0AB00B1B8F9 /* URLSessionHTTPClientTests.swift */; };
		3EB74749291AD127002935C9 /* XCTTestCase+MemoryLeakTracking.swift in Sources */ = {isa = PBXBuildFile; fileRef = 3EAD06E32918150600A7AF06 /* XCTTestCase+MemoryLeakTracking.swift */; };
/* End PBXBuildFile section */

/* Begin PBXContainerItemProxy section */
		3E1E56D1291ACCE900EFCD2B /* PBXContainerItemProxy */ = {
			isa = PBXContainerItemProxy;
			containerPortal = 3E50686228E9BC8E00B6F500 /* Project object */;
			proxyType = 1;
			remoteGlobalIDString = 3E50686A28E9BC8E00B6F500;
			remoteInfo = EssentialFeed;
		};
		3E50687528E9BC9000B6F500 /* PBXContainerItemProxy */ = {
			isa = PBXContainerItemProxy;
			containerPortal = 3E50686228E9BC8E00B6F500 /* Project object */;
			proxyType = 1;
			remoteGlobalIDString = 3E50686A28E9BC8E00B6F500;
			remoteInfo = EssentialFeed;
		};
/* End PBXContainerItemProxy section */

/* Begin PBXFileReference section */
		3E1E56C6291AC70C00EFCD2B /* URLSessionHTTPClient.swift */ = {isa = PBXFileReference; lastKnownFileType = sourcecode.swift; path = URLSessionHTTPClient.swift; sourceTree = "<group>"; };
		3E1E56CC291ACCE900EFCD2B /* EssentialFeedAPIEndToEndTests.xctest */ = {isa = PBXFileReference; explicitFileType = wrapper.cfbundle; includeInIndex = 0; path = EssentialFeedAPIEndToEndTests.xctest; sourceTree = BUILT_PRODUCTS_DIR; };
		3E1E56CE291ACCE900EFCD2B /* EssentialFeedAPIEndToEndTests.swift */ = {isa = PBXFileReference; lastKnownFileType = sourcecode.swift; path = EssentialFeedAPIEndToEndTests.swift; sourceTree = "<group>"; };
		3E2FDA69292BD62E0026B598 /* CacheFeedUseCaseTests.swift */ = {isa = PBXFileReference; lastKnownFileType = sourcecode.swift; path = CacheFeedUseCaseTests.swift; sourceTree = "<group>"; };
		3E2FDA6C292D303B0026B598 /* LocalFeedLoader.swift */ = {isa = PBXFileReference; lastKnownFileType = sourcecode.swift; path = LocalFeedLoader.swift; sourceTree = "<group>"; };
		3E2FDA6E292D30C30026B598 /* FeedStore.swift */ = {isa = PBXFileReference; lastKnownFileType = sourcecode.swift; path = FeedStore.swift; sourceTree = "<group>"; };
		3E2FDA70292D80780026B598 /* RemoteFeedItem.swift */ = {isa = PBXFileReference; lastKnownFileType = sourcecode.swift; path = RemoteFeedItem.swift; sourceTree = "<group>"; };
		3E2FDA72292D80E30026B598 /* LocalFeedImage.swift */ = {isa = PBXFileReference; lastKnownFileType = sourcecode.swift; path = LocalFeedImage.swift; sourceTree = "<group>"; };
		3E43934229369A02005E12E1 /* LoadFeedFromCacheUseCaseTests.swift */ = {isa = PBXFileReference; lastKnownFileType = sourcecode.swift; path = LoadFeedFromCacheUseCaseTests.swift; sourceTree = "<group>"; };
		3E43934529369B1A005E12E1 /* FeedStoreSpy.swift */ = {isa = PBXFileReference; lastKnownFileType = sourcecode.swift; path = FeedStoreSpy.swift; sourceTree = "<group>"; };
		3E4393472955D217005E12E1 /* ValidateFeedCacheUseCaseTests.swift */ = {isa = PBXFileReference; lastKnownFileType = sourcecode.swift; path = ValidateFeedCacheUseCaseTests.swift; sourceTree = "<group>"; };
		3E4393492955D966005E12E1 /* FeedCacheTestHelpers.swift */ = {isa = PBXFileReference; lastKnownFileType = sourcecode.swift; path = FeedCacheTestHelpers.swift; sourceTree = "<group>"; };
		3E43934B2955DA25005E12E1 /* SharedTestHelpers.swift */ = {isa = PBXFileReference; lastKnownFileType = sourcecode.swift; path = SharedTestHelpers.swift; sourceTree = "<group>"; };
		3E43934D2955EA14005E12E1 /* FeedCachePolicy.swift */ = {isa = PBXFileReference; lastKnownFileType = sourcecode.swift; path = FeedCachePolicy.swift; sourceTree = "<group>"; };
		3E43934F2955FA2F005E12E1 /* CodableFeedStoreTests.swift */ = {isa = PBXFileReference; lastKnownFileType = sourcecode.swift; path = CodableFeedStoreTests.swift; sourceTree = "<group>"; };
		3E439351295B399A005E12E1 /* CodableFeedStore.swift */ = {isa = PBXFileReference; lastKnownFileType = sourcecode.swift; path = CodableFeedStore.swift; sourceTree = "<group>"; };
		3E439353295DEA4E005E12E1 /* FeedStoreSpecs.swift */ = {isa = PBXFileReference; lastKnownFileType = sourcecode.swift; path = FeedStoreSpecs.swift; sourceTree = "<group>"; };
		3E439355295DEC26005E12E1 /* XCTestCase+FeedStoreSpecs.swift */ = {isa = PBXFileReference; lastKnownFileType = sourcecode.swift; path = "XCTestCase+FeedStoreSpecs.swift"; sourceTree = "<group>"; };
		3E439357295DF377005E12E1 /* XCTestCase+FailableRetrieveFeedStoreSpecs.swift */ = {isa = PBXFileReference; lastKnownFileType = sourcecode.swift; path = "XCTestCase+FailableRetrieveFeedStoreSpecs.swift"; sourceTree = "<group>"; };
		3E50686B28E9BC8E00B6F500 /* EssentialFeed.framework */ = {isa = PBXFileReference; explicitFileType = wrapper.framework; includeInIndex = 0; path = EssentialFeed.framework; sourceTree = BUILT_PRODUCTS_DIR; };
		3E50686E28E9BC8E00B6F500 /* EssentialFeed.h */ = {isa = PBXFileReference; lastKnownFileType = sourcecode.c.h; path = EssentialFeed.h; sourceTree = "<group>"; };
		3E50687328E9BC9000B6F500 /* EssentialFeedTests.xctest */ = {isa = PBXFileReference; explicitFileType = wrapper.cfbundle; includeInIndex = 0; path = EssentialFeedTests.xctest; sourceTree = BUILT_PRODUCTS_DIR; };
		3E50687828E9BC9000B6F500 /* LoadFeedFromRemoteUseCaseTests.swift */ = {isa = PBXFileReference; lastKnownFileType = sourcecode.swift; path = LoadFeedFromRemoteUseCaseTests.swift; sourceTree = "<group>"; };
		3E50688328E9BD7300B6F500 /* FeedImage.swift */ = {isa = PBXFileReference; lastKnownFileType = sourcecode.swift; path = FeedImage.swift; sourceTree = "<group>"; };
		3E50688528E9C09F00B6F500 /* FeedLoader.swift */ = {isa = PBXFileReference; lastKnownFileType = sourcecode.swift; path = FeedLoader.swift; sourceTree = "<group>"; };
		3E50688928EA02EC00B6F500 /* RemoteFeedLoader.swift */ = {isa = PBXFileReference; lastKnownFileType = sourcecode.swift; path = RemoteFeedLoader.swift; sourceTree = "<group>"; };
		3EACFA59290C26C200762283 /* HTTPClient.swift */ = {isa = PBXFileReference; lastKnownFileType = sourcecode.swift; path = HTTPClient.swift; sourceTree = "<group>"; };
		3EACFA5B290C270E00762283 /* FeedItemsMapper.swift */ = {isa = PBXFileReference; lastKnownFileType = sourcecode.swift; path = FeedItemsMapper.swift; sourceTree = "<group>"; };
		3EAD06E32918150600A7AF06 /* XCTTestCase+MemoryLeakTracking.swift */ = {isa = PBXFileReference; lastKnownFileType = sourcecode.swift; path = "XCTTestCase+MemoryLeakTracking.swift"; sourceTree = "<group>"; };
		3EB2FD6C290EB0AB00B1B8F9 /* URLSessionHTTPClientTests.swift */ = {isa = PBXFileReference; lastKnownFileType = sourcecode.swift; path = URLSessionHTTPClientTests.swift; sourceTree = "<group>"; };
/* End PBXFileReference section */

/* Begin PBXFrameworksBuildPhase section */
		3E1E56C9291ACCE900EFCD2B /* Frameworks */ = {
			isa = PBXFrameworksBuildPhase;
			buildActionMask = 2147483647;
			files = (
				3E1E56D0291ACCE900EFCD2B /* EssentialFeed.framework in Frameworks */,
			);
			runOnlyForDeploymentPostprocessing = 0;
		};
		3E50686828E9BC8E00B6F500 /* Frameworks */ = {
			isa = PBXFrameworksBuildPhase;
			buildActionMask = 2147483647;
			files = (
			);
			runOnlyForDeploymentPostprocessing = 0;
		};
		3E50687028E9BC9000B6F500 /* Frameworks */ = {
			isa = PBXFrameworksBuildPhase;
			buildActionMask = 2147483647;
			files = (
				3E50687428E9BC9000B6F500 /* EssentialFeed.framework in Frameworks */,
			);
			runOnlyForDeploymentPostprocessing = 0;
		};
/* End PBXFrameworksBuildPhase section */

/* Begin PBXGroup section */
		3E1E56CD291ACCE900EFCD2B /* EssentialFeedAPIEndToEndTests */ = {
			isa = PBXGroup;
			children = (
				3E1E56CE291ACCE900EFCD2B /* EssentialFeedAPIEndToEndTests.swift */,
			);
			path = EssentialFeedAPIEndToEndTests;
			sourceTree = "<group>";
		};
		3E2FDA68292BD5F00026B598 /* Feed Cache */ = {
			isa = PBXGroup;
			children = (
				3E43934429369B06005E12E1 /* Helpers */,
				3E2FDA69292BD62E0026B598 /* CacheFeedUseCaseTests.swift */,
				3E43934229369A02005E12E1 /* LoadFeedFromCacheUseCaseTests.swift */,
				3E4393472955D217005E12E1 /* ValidateFeedCacheUseCaseTests.swift */,
				3E43934F2955FA2F005E12E1 /* CodableFeedStoreTests.swift */,
				3E439357295DF377005E12E1 /* XCTestCase+FailableRetrieveFeedStoreSpecs.swift */,
				3E439355295DEC26005E12E1 /* XCTestCase+FeedStoreSpecs.swift */,
				3E439353295DEA4E005E12E1 /* FeedStoreSpecs.swift */,
			);
			path = "Feed Cache";
			sourceTree = "<group>";
		};
		3E2FDA6B292D30230026B598 /* Feed Cache */ = {
			isa = PBXGroup;
			children = (
				3E2FDA6C292D303B0026B598 /* LocalFeedLoader.swift */,
				3E2FDA6E292D30C30026B598 /* FeedStore.swift */,
				3E2FDA72292D80E30026B598 /* LocalFeedImage.swift */,
				3E43934D2955EA14005E12E1 /* FeedCachePolicy.swift */,
				3E439351295B399A005E12E1 /* CodableFeedStore.swift */,
			);
			path = "Feed Cache";
			sourceTree = "<group>";
		};
		3E43934429369B06005E12E1 /* Helpers */ = {
			isa = PBXGroup;
			children = (
				3E43934529369B1A005E12E1 /* FeedStoreSpy.swift */,
				3E4393492955D966005E12E1 /* FeedCacheTestHelpers.swift */,
			);
			path = Helpers;
			sourceTree = "<group>";
		};
		3E50686128E9BC8E00B6F500 = {
			isa = PBXGroup;
			children = (
				3E50686D28E9BC8E00B6F500 /* EssentialFeed */,
				3E50687728E9BC9000B6F500 /* EssentialFeedTests */,
				3E1E56CD291ACCE900EFCD2B /* EssentialFeedAPIEndToEndTests */,
				3E50686C28E9BC8E00B6F500 /* Products */,
			);
			sourceTree = "<group>";
		};
		3E50686C28E9BC8E00B6F500 /* Products */ = {
			isa = PBXGroup;
			children = (
				3E50686B28E9BC8E00B6F500 /* EssentialFeed.framework */,
				3E50687328E9BC9000B6F500 /* EssentialFeedTests.xctest */,
				3E1E56CC291ACCE900EFCD2B /* EssentialFeedAPIEndToEndTests.xctest */,
			);
			name = Products;
			sourceTree = "<group>";
		};
		3E50686D28E9BC8E00B6F500 /* EssentialFeed */ = {
			isa = PBXGroup;
			children = (
				3E50686E28E9BC8E00B6F500 /* EssentialFeed.h */,
				3E50688728E9C33600B6F500 /* Feed Feature */,
				3E50688828EA02B600B6F500 /* Feed API */,
				3E2FDA6B292D30230026B598 /* Feed Cache */,
			);
			path = EssentialFeed;
			sourceTree = "<group>";
		};
		3E50687728E9BC9000B6F500 /* EssentialFeedTests */ = {
			isa = PBXGroup;
			children = (
				3EAD06E2291814BB00A7AF06 /* Helpers */,
				3EACFA5D290E959600762283 /* Feed API */,
				3E2FDA68292BD5F00026B598 /* Feed Cache */,
			);
			path = EssentialFeedTests;
			sourceTree = "<group>";
		};
		3E50688728E9C33600B6F500 /* Feed Feature */ = {
			isa = PBXGroup;
			children = (
				3E50688328E9BD7300B6F500 /* FeedImage.swift */,
				3E50688528E9C09F00B6F500 /* FeedLoader.swift */,
			);
			path = "Feed Feature";
			sourceTree = "<group>";
		};
		3E50688828EA02B600B6F500 /* Feed API */ = {
			isa = PBXGroup;
			children = (
				3E50688928EA02EC00B6F500 /* RemoteFeedLoader.swift */,
				3EACFA59290C26C200762283 /* HTTPClient.swift */,
				3EACFA5B290C270E00762283 /* FeedItemsMapper.swift */,
				3E1E56C6291AC70C00EFCD2B /* URLSessionHTTPClient.swift */,
				3E2FDA70292D80780026B598 /* RemoteFeedItem.swift */,
			);
			path = "Feed API";
			sourceTree = "<group>";
		};
		3EACFA5D290E959600762283 /* Feed API */ = {
			isa = PBXGroup;
			children = (
				3E50687828E9BC9000B6F500 /* LoadFeedFromRemoteUseCaseTests.swift */,
				3EB2FD6C290EB0AB00B1B8F9 /* URLSessionHTTPClientTests.swift */,
			);
			path = "Feed API";
			sourceTree = "<group>";
		};
		3EAD06E2291814BB00A7AF06 /* Helpers */ = {
			isa = PBXGroup;
			children = (
				3EAD06E32918150600A7AF06 /* XCTTestCase+MemoryLeakTracking.swift */,
				3E43934B2955DA25005E12E1 /* SharedTestHelpers.swift */,
			);
			path = Helpers;
			sourceTree = "<group>";
		};
/* End PBXGroup section */

/* Begin PBXHeadersBuildPhase section */
		3E50686628E9BC8E00B6F500 /* Headers */ = {
			isa = PBXHeadersBuildPhase;
			buildActionMask = 2147483647;
			files = (
				3E50687A28E9BC9000B6F500 /* EssentialFeed.h in Headers */,
			);
			runOnlyForDeploymentPostprocessing = 0;
		};
/* End PBXHeadersBuildPhase section */

/* Begin PBXNativeTarget section */
		3E1E56CB291ACCE900EFCD2B /* EssentialFeedAPIEndToEndTests */ = {
			isa = PBXNativeTarget;
			buildConfigurationList = 3E1E56D3291ACCE900EFCD2B /* Build configuration list for PBXNativeTarget "EssentialFeedAPIEndToEndTests" */;
			buildPhases = (
				3E1E56C8291ACCE900EFCD2B /* Sources */,
				3E1E56C9291ACCE900EFCD2B /* Frameworks */,
				3E1E56CA291ACCE900EFCD2B /* Resources */,
			);
			buildRules = (
			);
			dependencies = (
				3E1E56D2291ACCE900EFCD2B /* PBXTargetDependency */,
			);
			name = EssentialFeedAPIEndToEndTests;
			productName = EssentialFeedAPIEndToEndTests;
			productReference = 3E1E56CC291ACCE900EFCD2B /* EssentialFeedAPIEndToEndTests.xctest */;
			productType = "com.apple.product-type.bundle.unit-test";
		};
		3E50686A28E9BC8E00B6F500 /* EssentialFeed */ = {
			isa = PBXNativeTarget;
			buildConfigurationList = 3E50687D28E9BC9000B6F500 /* Build configuration list for PBXNativeTarget "EssentialFeed" */;
			buildPhases = (
				3E50686628E9BC8E00B6F500 /* Headers */,
				3E50686728E9BC8E00B6F500 /* Sources */,
				3E50686828E9BC8E00B6F500 /* Frameworks */,
				3E50686928E9BC8E00B6F500 /* Resources */,
			);
			buildRules = (
			);
			dependencies = (
			);
			name = EssentialFeed;
			productName = EssentialFeed;
			productReference = 3E50686B28E9BC8E00B6F500 /* EssentialFeed.framework */;
			productType = "com.apple.product-type.framework";
		};
		3E50687228E9BC9000B6F500 /* EssentialFeedTests */ = {
			isa = PBXNativeTarget;
			buildConfigurationList = 3E50688028E9BC9000B6F500 /* Build configuration list for PBXNativeTarget "EssentialFeedTests" */;
			buildPhases = (
				3E50686F28E9BC9000B6F500 /* Sources */,
				3E50687028E9BC9000B6F500 /* Frameworks */,
				3E50687128E9BC9000B6F500 /* Resources */,
			);
			buildRules = (
			);
			dependencies = (
				3E50687628E9BC9000B6F500 /* PBXTargetDependency */,
			);
			name = EssentialFeedTests;
			productName = EssentialFeedTests;
			productReference = 3E50687328E9BC9000B6F500 /* EssentialFeedTests.xctest */;
			productType = "com.apple.product-type.bundle.unit-test";
		};
/* End PBXNativeTarget section */

/* Begin PBXProject section */
		3E50686228E9BC8E00B6F500 /* Project object */ = {
			isa = PBXProject;
			attributes = {
				BuildIndependentTargetsInParallel = 1;
				LastSwiftUpdateCheck = 1400;
				LastUpgradeCheck = 1400;
				TargetAttributes = {
					3E1E56CB291ACCE900EFCD2B = {
						CreatedOnToolsVersion = 14.0.1;
					};
					3E50686A28E9BC8E00B6F500 = {
						CreatedOnToolsVersion = 14.0.1;
						LastSwiftMigration = 1400;
					};
					3E50687228E9BC9000B6F500 = {
						CreatedOnToolsVersion = 14.0.1;
					};
				};
			};
			buildConfigurationList = 3E50686528E9BC8E00B6F500 /* Build configuration list for PBXProject "EssentialFeed" */;
			compatibilityVersion = "Xcode 14.0";
			developmentRegion = en;
			hasScannedForEncodings = 0;
			knownRegions = (
				en,
				Base,
			);
			mainGroup = 3E50686128E9BC8E00B6F500;
			productRefGroup = 3E50686C28E9BC8E00B6F500 /* Products */;
			projectDirPath = "";
			projectRoot = "";
			targets = (
				3E50686A28E9BC8E00B6F500 /* EssentialFeed */,
				3E50687228E9BC9000B6F500 /* EssentialFeedTests */,
				3E1E56CB291ACCE900EFCD2B /* EssentialFeedAPIEndToEndTests */,
			);
		};
/* End PBXProject section */

/* Begin PBXResourcesBuildPhase section */
		3E1E56CA291ACCE900EFCD2B /* Resources */ = {
			isa = PBXResourcesBuildPhase;
			buildActionMask = 2147483647;
			files = (
			);
			runOnlyForDeploymentPostprocessing = 0;
		};
		3E50686928E9BC8E00B6F500 /* Resources */ = {
			isa = PBXResourcesBuildPhase;
			buildActionMask = 2147483647;
			files = (
			);
			runOnlyForDeploymentPostprocessing = 0;
		};
		3E50687128E9BC9000B6F500 /* Resources */ = {
			isa = PBXResourcesBuildPhase;
			buildActionMask = 2147483647;
			files = (
			);
			runOnlyForDeploymentPostprocessing = 0;
		};
/* End PBXResourcesBuildPhase section */

/* Begin PBXSourcesBuildPhase section */
		3E1E56C8291ACCE900EFCD2B /* Sources */ = {
			isa = PBXSourcesBuildPhase;
			buildActionMask = 2147483647;
			files = (
				3EB74749291AD127002935C9 /* XCTTestCase+MemoryLeakTracking.swift in Sources */,
				3E1E56CF291ACCE900EFCD2B /* EssentialFeedAPIEndToEndTests.swift in Sources */,
			);
			runOnlyForDeploymentPostprocessing = 0;
		};
		3E50686728E9BC8E00B6F500 /* Sources */ = {
			isa = PBXSourcesBuildPhase;
			buildActionMask = 2147483647;
			files = (
				3EACFA5C290C270E00762283 /* FeedItemsMapper.swift in Sources */,
				3E50688628E9C09F00B6F500 /* FeedLoader.swift in Sources */,
				3E2FDA71292D80780026B598 /* RemoteFeedItem.swift in Sources */,
				3E43934E2955EA14005E12E1 /* FeedCachePolicy.swift in Sources */,
				3E50688A28EA02EC00B6F500 /* RemoteFeedLoader.swift in Sources */,
				3E2FDA73292D80E30026B598 /* LocalFeedImage.swift in Sources */,
				3E2FDA6F292D30C30026B598 /* FeedStore.swift in Sources */,
				3E2FDA6D292D303B0026B598 /* LocalFeedLoader.swift in Sources */,
				3E439352295B399A005E12E1 /* CodableFeedStore.swift in Sources */,
				3EACFA5A290C26C200762283 /* HTTPClient.swift in Sources */,
				3E50688428E9BD7300B6F500 /* FeedImage.swift in Sources */,
				3E1E56C7291AC70C00EFCD2B /* URLSessionHTTPClient.swift in Sources */,
			);
			runOnlyForDeploymentPostprocessing = 0;
		};
		3E50686F28E9BC9000B6F500 /* Sources */ = {
			isa = PBXSourcesBuildPhase;
			buildActionMask = 2147483647;
			files = (
				3E4393502955FA2F005E12E1 /* CodableFeedStoreTests.swift in Sources */,
				3E43934A2955D966005E12E1 /* FeedCacheTestHelpers.swift in Sources */,
				3E4393482955D217005E12E1 /* ValidateFeedCacheUseCaseTests.swift in Sources */,
				3E50687928E9BC9000B6F500 /* LoadFeedFromRemoteUseCaseTests.swift in Sources */,
				3EB2FD6D290EB0AB00B1B8F9 /* URLSessionHTTPClientTests.swift in Sources */,
				3E43934629369B1A005E12E1 /* FeedStoreSpy.swift in Sources */,
				3E43934C2955DA25005E12E1 /* SharedTestHelpers.swift in Sources */,
				3E2FDA6A292BD62E0026B598 /* CacheFeedUseCaseTests.swift in Sources */,
				3E439358295DF377005E12E1 /* XCTestCase+FailableRetrieveFeedStoreSpecs.swift in Sources */,
				3E43934329369A02005E12E1 /* LoadFeedFromCacheUseCaseTests.swift in Sources */,
				3E439354295DEA4E005E12E1 /* FeedStoreSpecs.swift in Sources */,
				3EAD06E42918150600A7AF06 /* XCTTestCase+MemoryLeakTracking.swift in Sources */,
				3E439356295DEC26005E12E1 /* XCTestCase+FeedStoreSpecs.swift in Sources */,
			);
			runOnlyForDeploymentPostprocessing = 0;
		};
/* End PBXSourcesBuildPhase section */

/* Begin PBXTargetDependency section */
		3E1E56D2291ACCE900EFCD2B /* PBXTargetDependency */ = {
			isa = PBXTargetDependency;
			target = 3E50686A28E9BC8E00B6F500 /* EssentialFeed */;
			targetProxy = 3E1E56D1291ACCE900EFCD2B /* PBXContainerItemProxy */;
		};
		3E50687628E9BC9000B6F500 /* PBXTargetDependency */ = {
			isa = PBXTargetDependency;
			target = 3E50686A28E9BC8E00B6F500 /* EssentialFeed */;
			targetProxy = 3E50687528E9BC9000B6F500 /* PBXContainerItemProxy */;
		};
/* End PBXTargetDependency section */

/* Begin XCBuildConfiguration section */
		3E1E56D4291ACCE900EFCD2B /* Debug */ = {
			isa = XCBuildConfiguration;
			buildSettings = {
				CODE_SIGN_STYLE = Automatic;
				CURRENT_PROJECT_VERSION = 1;
				DEVELOPMENT_TEAM = KJEM8XBUDR;
				GENERATE_INFOPLIST_FILE = YES;
				MARKETING_VERSION = 1.0;
				PRODUCT_BUNDLE_IDENTIFIER = de.lottermoser.jan.EssentialFeedAPIEndToEndTests;
				PRODUCT_NAME = "$(TARGET_NAME)";
				SWIFT_EMIT_LOC_STRINGS = NO;
				SWIFT_VERSION = 5.0;
			};
			name = Debug;
		};
		3E1E56D5291ACCE900EFCD2B /* Release */ = {
			isa = XCBuildConfiguration;
			buildSettings = {
				CODE_SIGN_STYLE = Automatic;
				CURRENT_PROJECT_VERSION = 1;
				DEVELOPMENT_TEAM = KJEM8XBUDR;
				GENERATE_INFOPLIST_FILE = YES;
				MARKETING_VERSION = 1.0;
				PRODUCT_BUNDLE_IDENTIFIER = de.lottermoser.jan.EssentialFeedAPIEndToEndTests;
				PRODUCT_NAME = "$(TARGET_NAME)";
				SWIFT_EMIT_LOC_STRINGS = NO;
				SWIFT_VERSION = 5.0;
			};
			name = Release;
		};
		3E50687B28E9BC9000B6F500 /* Debug */ = {
			isa = XCBuildConfiguration;
			buildSettings = {
				ALWAYS_SEARCH_USER_PATHS = NO;
				CLANG_ANALYZER_NONNULL = YES;
				CLANG_ANALYZER_NUMBER_OBJECT_CONVERSION = YES_AGGRESSIVE;
				CLANG_CXX_LANGUAGE_STANDARD = "gnu++20";
				CLANG_ENABLE_MODULES = YES;
				CLANG_ENABLE_OBJC_ARC = YES;
				CLANG_ENABLE_OBJC_WEAK = YES;
				CLANG_WARN_BLOCK_CAPTURE_AUTORELEASING = YES;
				CLANG_WARN_BOOL_CONVERSION = YES;
				CLANG_WARN_COMMA = YES;
				CLANG_WARN_CONSTANT_CONVERSION = YES;
				CLANG_WARN_DEPRECATED_OBJC_IMPLEMENTATIONS = YES;
				CLANG_WARN_DIRECT_OBJC_ISA_USAGE = YES_ERROR;
				CLANG_WARN_DOCUMENTATION_COMMENTS = YES;
				CLANG_WARN_EMPTY_BODY = YES;
				CLANG_WARN_ENUM_CONVERSION = YES;
				CLANG_WARN_INFINITE_RECURSION = YES;
				CLANG_WARN_INT_CONVERSION = YES;
				CLANG_WARN_NON_LITERAL_NULL_CONVERSION = YES;
				CLANG_WARN_OBJC_IMPLICIT_RETAIN_SELF = YES;
				CLANG_WARN_OBJC_LITERAL_CONVERSION = YES;
				CLANG_WARN_OBJC_ROOT_CLASS = YES_ERROR;
				CLANG_WARN_QUOTED_INCLUDE_IN_FRAMEWORK_HEADER = YES;
				CLANG_WARN_RANGE_LOOP_ANALYSIS = YES;
				CLANG_WARN_STRICT_PROTOTYPES = YES;
				CLANG_WARN_SUSPICIOUS_MOVE = YES;
				CLANG_WARN_UNGUARDED_AVAILABILITY = YES_AGGRESSIVE;
				CLANG_WARN_UNREACHABLE_CODE = YES;
				CLANG_WARN__DUPLICATE_METHOD_MATCH = YES;
				COPY_PHASE_STRIP = NO;
				CURRENT_PROJECT_VERSION = 1;
				DEBUG_INFORMATION_FORMAT = dwarf;
				ENABLE_STRICT_OBJC_MSGSEND = YES;
				ENABLE_TESTABILITY = YES;
				GCC_C_LANGUAGE_STANDARD = gnu11;
				GCC_DYNAMIC_NO_PIC = NO;
				GCC_NO_COMMON_BLOCKS = YES;
				GCC_OPTIMIZATION_LEVEL = 0;
				GCC_PREPROCESSOR_DEFINITIONS = (
					"DEBUG=1",
					"$(inherited)",
				);
				GCC_WARN_64_TO_32_BIT_CONVERSION = YES;
				GCC_WARN_ABOUT_RETURN_TYPE = YES_ERROR;
				GCC_WARN_UNDECLARED_SELECTOR = YES;
				GCC_WARN_UNINITIALIZED_AUTOS = YES_AGGRESSIVE;
				GCC_WARN_UNUSED_FUNCTION = YES;
				GCC_WARN_UNUSED_VARIABLE = YES;
				MACOSX_DEPLOYMENT_TARGET = 12.3;
				MTL_ENABLE_DEBUG_INFO = INCLUDE_SOURCE;
				MTL_FAST_MATH = YES;
				ONLY_ACTIVE_ARCH = YES;
				SDKROOT = macosx;
				SWIFT_ACTIVE_COMPILATION_CONDITIONS = DEBUG;
				SWIFT_OPTIMIZATION_LEVEL = "-Onone";
				VERSIONING_SYSTEM = "apple-generic";
				VERSION_INFO_PREFIX = "";
			};
			name = Debug;
		};
		3E50687C28E9BC9000B6F500 /* Release */ = {
			isa = XCBuildConfiguration;
			buildSettings = {
				ALWAYS_SEARCH_USER_PATHS = NO;
				CLANG_ANALYZER_NONNULL = YES;
				CLANG_ANALYZER_NUMBER_OBJECT_CONVERSION = YES_AGGRESSIVE;
				CLANG_CXX_LANGUAGE_STANDARD = "gnu++20";
				CLANG_ENABLE_MODULES = YES;
				CLANG_ENABLE_OBJC_ARC = YES;
				CLANG_ENABLE_OBJC_WEAK = YES;
				CLANG_WARN_BLOCK_CAPTURE_AUTORELEASING = YES;
				CLANG_WARN_BOOL_CONVERSION = YES;
				CLANG_WARN_COMMA = YES;
				CLANG_WARN_CONSTANT_CONVERSION = YES;
				CLANG_WARN_DEPRECATED_OBJC_IMPLEMENTATIONS = YES;
				CLANG_WARN_DIRECT_OBJC_ISA_USAGE = YES_ERROR;
				CLANG_WARN_DOCUMENTATION_COMMENTS = YES;
				CLANG_WARN_EMPTY_BODY = YES;
				CLANG_WARN_ENUM_CONVERSION = YES;
				CLANG_WARN_INFINITE_RECURSION = YES;
				CLANG_WARN_INT_CONVERSION = YES;
				CLANG_WARN_NON_LITERAL_NULL_CONVERSION = YES;
				CLANG_WARN_OBJC_IMPLICIT_RETAIN_SELF = YES;
				CLANG_WARN_OBJC_LITERAL_CONVERSION = YES;
				CLANG_WARN_OBJC_ROOT_CLASS = YES_ERROR;
				CLANG_WARN_QUOTED_INCLUDE_IN_FRAMEWORK_HEADER = YES;
				CLANG_WARN_RANGE_LOOP_ANALYSIS = YES;
				CLANG_WARN_STRICT_PROTOTYPES = YES;
				CLANG_WARN_SUSPICIOUS_MOVE = YES;
				CLANG_WARN_UNGUARDED_AVAILABILITY = YES_AGGRESSIVE;
				CLANG_WARN_UNREACHABLE_CODE = YES;
				CLANG_WARN__DUPLICATE_METHOD_MATCH = YES;
				COPY_PHASE_STRIP = NO;
				CURRENT_PROJECT_VERSION = 1;
				DEBUG_INFORMATION_FORMAT = "dwarf-with-dsym";
				ENABLE_NS_ASSERTIONS = NO;
				ENABLE_STRICT_OBJC_MSGSEND = YES;
				GCC_C_LANGUAGE_STANDARD = gnu11;
				GCC_NO_COMMON_BLOCKS = YES;
				GCC_WARN_64_TO_32_BIT_CONVERSION = YES;
				GCC_WARN_ABOUT_RETURN_TYPE = YES_ERROR;
				GCC_WARN_UNDECLARED_SELECTOR = YES;
				GCC_WARN_UNINITIALIZED_AUTOS = YES_AGGRESSIVE;
				GCC_WARN_UNUSED_FUNCTION = YES;
				GCC_WARN_UNUSED_VARIABLE = YES;
				MACOSX_DEPLOYMENT_TARGET = 12.3;
				MTL_ENABLE_DEBUG_INFO = NO;
				MTL_FAST_MATH = YES;
				SDKROOT = macosx;
				SWIFT_COMPILATION_MODE = wholemodule;
				SWIFT_OPTIMIZATION_LEVEL = "-O";
				VERSIONING_SYSTEM = "apple-generic";
				VERSION_INFO_PREFIX = "";
			};
			name = Release;
		};
		3E50687E28E9BC9000B6F500 /* Debug */ = {
			isa = XCBuildConfiguration;
			buildSettings = {
				CLANG_ENABLE_MODULES = YES;
				CODE_SIGN_STYLE = Automatic;
				COMBINE_HIDPI_IMAGES = YES;
				CURRENT_PROJECT_VERSION = 1;
				DEFINES_MODULE = YES;
				DEVELOPMENT_TEAM = KJEM8XBUDR;
				DYLIB_COMPATIBILITY_VERSION = 1;
				DYLIB_CURRENT_VERSION = 1;
				DYLIB_INSTALL_NAME_BASE = "@rpath";
				GENERATE_INFOPLIST_FILE = YES;
				INFOPLIST_KEY_NSHumanReadableCopyright = "";
				INSTALL_PATH = "$(LOCAL_LIBRARY_DIR)/Frameworks";
				LD_RUNPATH_SEARCH_PATHS = (
					"$(inherited)",
					"@executable_path/../Frameworks",
					"@loader_path/Frameworks",
				);
				MARKETING_VERSION = 1.0;
				PRODUCT_BUNDLE_IDENTIFIER = de.lottermoser.jan.EssentialFeed;
				PRODUCT_NAME = "$(TARGET_NAME:c99extidentifier)";
				SKIP_INSTALL = YES;
				SWIFT_EMIT_LOC_STRINGS = YES;
				SWIFT_OPTIMIZATION_LEVEL = "-Onone";
				SWIFT_VERSION = 5.0;
			};
			name = Debug;
		};
		3E50687F28E9BC9000B6F500 /* Release */ = {
			isa = XCBuildConfiguration;
			buildSettings = {
				CLANG_ENABLE_MODULES = YES;
				CODE_SIGN_STYLE = Automatic;
				COMBINE_HIDPI_IMAGES = YES;
				CURRENT_PROJECT_VERSION = 1;
				DEFINES_MODULE = YES;
				DEVELOPMENT_TEAM = KJEM8XBUDR;
				DYLIB_COMPATIBILITY_VERSION = 1;
				DYLIB_CURRENT_VERSION = 1;
				DYLIB_INSTALL_NAME_BASE = "@rpath";
				GENERATE_INFOPLIST_FILE = YES;
				INFOPLIST_KEY_NSHumanReadableCopyright = "";
				INSTALL_PATH = "$(LOCAL_LIBRARY_DIR)/Frameworks";
				LD_RUNPATH_SEARCH_PATHS = (
					"$(inherited)",
					"@executable_path/../Frameworks",
					"@loader_path/Frameworks",
				);
				MARKETING_VERSION = 1.0;
				PRODUCT_BUNDLE_IDENTIFIER = de.lottermoser.jan.EssentialFeed;
				PRODUCT_NAME = "$(TARGET_NAME:c99extidentifier)";
				SKIP_INSTALL = YES;
				SWIFT_EMIT_LOC_STRINGS = YES;
				SWIFT_VERSION = 5.0;
			};
			name = Release;
		};
		3E50688128E9BC9000B6F500 /* Debug */ = {
			isa = XCBuildConfiguration;
			buildSettings = {
				ALWAYS_EMBED_SWIFT_STANDARD_LIBRARIES = YES;
				CODE_SIGN_STYLE = Automatic;
				CURRENT_PROJECT_VERSION = 1;
				DEVELOPMENT_TEAM = KJEM8XBUDR;
				GENERATE_INFOPLIST_FILE = YES;
				MARKETING_VERSION = 1.0;
				PRODUCT_BUNDLE_IDENTIFIER = de.lottermoser.jan.EssentialFeedTests;
				PRODUCT_NAME = "$(TARGET_NAME)";
				SWIFT_EMIT_LOC_STRINGS = NO;
				SWIFT_VERSION = 5.0;
			};
			name = Debug;
		};
		3E50688228E9BC9000B6F500 /* Release */ = {
			isa = XCBuildConfiguration;
			buildSettings = {
				ALWAYS_EMBED_SWIFT_STANDARD_LIBRARIES = YES;
				CODE_SIGN_STYLE = Automatic;
				CURRENT_PROJECT_VERSION = 1;
				DEVELOPMENT_TEAM = KJEM8XBUDR;
				GENERATE_INFOPLIST_FILE = YES;
				MARKETING_VERSION = 1.0;
				PRODUCT_BUNDLE_IDENTIFIER = de.lottermoser.jan.EssentialFeedTests;
				PRODUCT_NAME = "$(TARGET_NAME)";
				SWIFT_EMIT_LOC_STRINGS = NO;
				SWIFT_VERSION = 5.0;
			};
			name = Release;
		};
/* End XCBuildConfiguration section */

/* Begin XCConfigurationList section */
		3E1E56D3291ACCE900EFCD2B /* Build configuration list for PBXNativeTarget "EssentialFeedAPIEndToEndTests" */ = {
			isa = XCConfigurationList;
			buildConfigurations = (
				3E1E56D4291ACCE900EFCD2B /* Debug */,
				3E1E56D5291ACCE900EFCD2B /* Release */,
			);
			defaultConfigurationIsVisible = 0;
			defaultConfigurationName = Release;
		};
		3E50686528E9BC8E00B6F500 /* Build configuration list for PBXProject "EssentialFeed" */ = {
			isa = XCConfigurationList;
			buildConfigurations = (
				3E50687B28E9BC9000B6F500 /* Debug */,
				3E50687C28E9BC9000B6F500 /* Release */,
			);
			defaultConfigurationIsVisible = 0;
			defaultConfigurationName = Release;
		};
		3E50687D28E9BC9000B6F500 /* Build configuration list for PBXNativeTarget "EssentialFeed" */ = {
			isa = XCConfigurationList;
			buildConfigurations = (
				3E50687E28E9BC9000B6F500 /* Debug */,
				3E50687F28E9BC9000B6F500 /* Release */,
			);
			defaultConfigurationIsVisible = 0;
			defaultConfigurationName = Release;
		};
		3E50688028E9BC9000B6F500 /* Build configuration list for PBXNativeTarget "EssentialFeedTests" */ = {
			isa = XCConfigurationList;
			buildConfigurations = (
				3E50688128E9BC9000B6F500 /* Debug */,
				3E50688228E9BC9000B6F500 /* Release */,
			);
			defaultConfigurationIsVisible = 0;
			defaultConfigurationName = Release;
		};
/* End XCConfigurationList section */
	};
	rootObject = 3E50686228E9BC8E00B6F500 /* Project object */;
}
